
Microsoft Visual Studio Solution File, Format Version 12.00
# Visual Studio Version 17
VisualStudioVersion = 17.0.31903.59
MinimumVisualStudioVersion = 10.0.40219.1
Project("{FAE04EC0-301F-11D3-BF4B-00C04F79EFBC}") = "PLPSOFT.ERP.SaaS", "PLPSOFT.ERP.SaaS\PLPSOFT.ERP.SaaS.csproj", "{A115E003-C58C-4142-AF8C-EF001B1AB58B}"
EndProject
Project("{FAE04EC0-301F-11D3-BF4B-00C04F79EFBC}") = "PLPSOFT.ERP.SaaS.Modules.CRM.Application", "PLPSOFT.ERP.SaaS.Modules.CRM.Application\PLPSOFT.ERP.SaaS.Modules.CRM.Application.csproj", "{9BBD2B97-33C1-4D29-AB7D-72E27BA7D7F6}"
EndProject
Project("{FAE04EC0-301F-11D3-BF4B-00C04F79EFBC}") = "PLPSOFT.ERP.SaaS.Modules.CRM.Domain", "PLPSOFT.ERP.SaaS.Modules.CRM.Domain\PLPSOFT.ERP.SaaS.Modules.CRM.Domain.csproj", "{8B65F4F4-DE8A-472D-B314-8223CC49EB48}"
EndProject
Project("{FAE04EC0-301F-11D3-BF4B-00C04F79EFBC}") = "PLPSOFT.ERP.SaaS.Modules.CRM.Infrastructure", "PLPSOFT.ERP.SaaS.Modules.CRM.Infrastructure\PLPSOFT.ERP.SaaS.Modules.CRM.Infrastructure.csproj", "{661C3093-439C-47A0-95A5-E94BD09EE72C}"
EndProject
Global
	GlobalSection(SolutionConfigurationPlatforms) = preSolution
		Debug|Any CPU = Debug|Any CPU
		Release|Any CPU = Release|Any CPU
	EndGlobalSection
	GlobalSection(SolutionProperties) = preSolution
		HideSolutionNode = FALSE
	EndGlobalSection
	GlobalSection(ProjectConfigurationPlatforms) = postSolution
		{A115E003-C58C-4142-AF8C-EF001B1AB58B}.Debug|Any CPU.ActiveCfg = Debug|Any CPU
		{A115E003-C58C-4142-AF8C-EF001B1AB58B}.Debug|Any CPU.Build.0 = Debug|Any CPU
		{A115E003-C58C-4142-AF8C-EF001B1AB58B}.Release|Any CPU.ActiveCfg = Release|Any CPU
		{A115E003-C58C-4142-AF8C-EF001B1AB58B}.Release|Any CPU.Build.0 = Release|Any CPU
		{9BBD2B97-33C1-4D29-AB7D-72E27BA7D7F6}.Debug|Any CPU.ActiveCfg = Debug|Any CPU
		{9BBD2B97-33C1-4D29-AB7D-72E27BA7D7F6}.Debug|Any CPU.Build.0 = Debug|Any CPU
		{9BBD2B97-33C1-4D29-AB7D-72E27BA7D7F6}.Release|Any CPU.ActiveCfg = Release|Any CPU
		{9BBD2B97-33C1-4D29-AB7D-72E27BA7D7F6}.Release|Any CPU.Build.0 = Release|Any CPU
		{8B65F4F4-DE8A-472D-B314-8223CC49EB48}.Debug|Any CPU.ActiveCfg = Debug|Any CPU
		{8B65F4F4-DE8A-472D-B314-8223CC49EB48}.Debug|Any CPU.Build.0 = Debug|Any CPU
		{8B65F4F4-DE8A-472D-B314-8223CC49EB48}.Release|Any CPU.ActiveCfg = Release|Any CPU
		{8B65F4F4-DE8A-472D-B314-8223CC49EB48}.Release|Any CPU.Build.0 = Release|Any CPU
		{661C3093-439C-47A0-95A5-E94BD09EE72C}.Debug|Any CPU.ActiveCfg = Debug|Any CPU
		{661C3093-439C-47A0-95A5-E94BD09EE72C}.Debug|Any CPU.Build.0 = Debug|Any CPU
		{661C3093-439C-47A0-95A5-E94BD09EE72C}.Release|Any CPU.ActiveCfg = Release|Any CPU
		{661C3093-439C-47A0-95A5-E94BD09EE72C}.Release|Any CPU.Build.0 = Release|Any CPU
	EndGlobalSection
EndGlobal
